// !$*UTF8*$!
{
	archiveVersion = 1;
	classes = {
	};
	objectVersion = 55;
	objects = {

/* Begin PBXBuildFile section */
		8D3C0078282E230C009C4298 /* AppDelegate.swift in Sources */ = {isa = PBXBuildFile; fileRef = 8D3C0077282E230C009C4298 /* AppDelegate.swift */; };
		8D3C0079282E230C009C4298 /* AppDelegate.swift in Sources */ = {isa = PBXBuildFile; fileRef = 8D3C0077282E230C009C4298 /* AppDelegate.swift */; };
		8D3C007B282E2319009C4298 /* SceneDelegate.swift in Sources */ = {isa = PBXBuildFile; fileRef = 8D3C007A282E2319009C4298 /* SceneDelegate.swift */; };
		8D3C007C282E2319009C4298 /* SceneDelegate.swift in Sources */ = {isa = PBXBuildFile; fileRef = 8D3C007A282E2319009C4298 /* SceneDelegate.swift */; };
		8D3C007E282E23A8009C4298 /* Main.storyboard in Resources */ = {isa = PBXBuildFile; fileRef = 8D3C007D282E23A8009C4298 /* Main.storyboard */; };
		8D3C007F282E23A8009C4298 /* Main.storyboard in Resources */ = {isa = PBXBuildFile; fileRef = 8D3C007D282E23A8009C4298 /* Main.storyboard */; };
		8D3C0081282E23EA009C4298 /* Stubbable.swift in Sources */ = {isa = PBXBuildFile; fileRef = 8D3C0080282E23EA009C4298 /* Stubbable.swift */; };
		8D3C0082282E23EA009C4298 /* Stubbable.swift in Sources */ = {isa = PBXBuildFile; fileRef = 8D3C0080282E23EA009C4298 /* Stubbable.swift */; };
		8DBDD2A4282E11EA00C6576E /* PersonDataTest.swift in Sources */ = {isa = PBXBuildFile; fileRef = 8DBDD2A3282E11EA00C6576E /* PersonDataTest.swift */; };
		8DCF782D282D35CE000BF1E0 /* Assets.xcassets in Resources */ = {isa = PBXBuildFile; fileRef = 8DCF782C282D35CE000BF1E0 /* Assets.xcassets */; };
		8DCF7830282D35CE000BF1E0 /* LaunchScreen.storyboard in Resources */ = {isa = PBXBuildFile; fileRef = 8DCF782E282D35CE000BF1E0 /* LaunchScreen.storyboard */; };
		8DCF783B282D35CF000BF1E0 /* PersonDataTestReFactory.swift in Sources */ = {isa = PBXBuildFile; fileRef = 8DCF783A282D35CF000BF1E0 /* PersonDataTestReFactory.swift */; };
		8DCF7854282D35EC000BF1E0 /* Person.swift in Sources */ = {isa = PBXBuildFile; fileRef = 8DCF7853282D35EC000BF1E0 /* Person.swift */; };
		8DCF7857282D3DC9000BF1E0 /* Identifier.swift in Sources */ = {isa = PBXBuildFile; fileRef = 8DCF7856282D3DC9000BF1E0 /* Identifier.swift */; };
		8DCF7859282E096D000BF1E0 /* People.swift in Sources */ = {isa = PBXBuildFile; fileRef = 8DCF7858282E096D000BF1E0 /* People.swift */; };
		8DCF785A282E0A45000BF1E0 /* Person.swift in Sources */ = {isa = PBXBuildFile; fileRef = 8DCF7853282D35EC000BF1E0 /* Person.swift */; };
		8DCF785B282E0A48000BF1E0 /* People.swift in Sources */ = {isa = PBXBuildFile; fileRef = 8DCF7858282E096D000BF1E0 /* People.swift */; };
		8DCF785C282E0A4A000BF1E0 /* Identifier.swift in Sources */ = {isa = PBXBuildFile; fileRef = 8DCF7856282D3DC9000BF1E0 /* Identifier.swift */; };
/* End PBXBuildFile section */

/* Begin PBXContainerItemProxy section */
		8DCF7837282D35CF000BF1E0 /* PBXContainerItemProxy */ = {
			isa = PBXContainerItemProxy;
			containerPortal = 8DCF7818282D35CA000BF1E0 /* Project object */;
			proxyType = 1;
			remoteGlobalIDString = 8DCF781F282D35CA000BF1E0;
			remoteInfo = DataTestPractice;
		};
/* End PBXContainerItemProxy section */

/* Begin PBXFileReference section */
		8D3C0077282E230C009C4298 /* AppDelegate.swift */ = {isa = PBXFileReference; fileEncoding = 4; lastKnownFileType = sourcecode.swift; path = AppDelegate.swift; sourceTree = "<group>"; };
		8D3C007A282E2319009C4298 /* SceneDelegate.swift */ = {isa = PBXFileReference; fileEncoding = 4; lastKnownFileType = sourcecode.swift; path = SceneDelegate.swift; sourceTree = "<group>"; };
		8D3C007D282E23A8009C4298 /* Main.storyboard */ = {isa = PBXFileReference; fileEncoding = 4; lastKnownFileType = file.storyboard; path = Main.storyboard; sourceTree = "<group>"; };
		8D3C0080282E23EA009C4298 /* Stubbable.swift */ = {isa = PBXFileReference; lastKnownFileType = sourcecode.swift; path = Stubbable.swift; sourceTree = "<group>"; };
		8DBDD2A3282E11EA00C6576E /* PersonDataTest.swift */ = {isa = PBXFileReference; lastKnownFileType = sourcecode.swift; path = PersonDataTest.swift; sourceTree = "<group>"; };
		8DCF7820282D35CA000BF1E0 /* DataTestPractice.app */ = {isa = PBXFileReference; explicitFileType = wrapper.application; includeInIndex = 0; path = DataTestPractice.app; sourceTree = BUILT_PRODUCTS_DIR; };
		8DCF782C282D35CE000BF1E0 /* Assets.xcassets */ = {isa = PBXFileReference; lastKnownFileType = folder.assetcatalog; path = Assets.xcassets; sourceTree = "<group>"; };
		8DCF782F282D35CE000BF1E0 /* Base */ = {isa = PBXFileReference; lastKnownFileType = file.storyboard; name = Base; path = Base.lproj/LaunchScreen.storyboard; sourceTree = "<group>"; };
		8DCF7831282D35CE000BF1E0 /* Info.plist */ = {isa = PBXFileReference; lastKnownFileType = text.plist.xml; path = Info.plist; sourceTree = "<group>"; };
		8DCF7836282D35CF000BF1E0 /* DataTestPracticeTests.xctest */ = {isa = PBXFileReference; explicitFileType = wrapper.cfbundle; includeInIndex = 0; path = DataTestPracticeTests.xctest; sourceTree = BUILT_PRODUCTS_DIR; };
		8DCF783A282D35CF000BF1E0 /* PersonDataTestReFactory.swift */ = {isa = PBXFileReference; lastKnownFileType = sourcecode.swift; path = PersonDataTestReFactory.swift; sourceTree = "<group>"; };
		8DCF7853282D35EC000BF1E0 /* Person.swift */ = {isa = PBXFileReference; lastKnownFileType = sourcecode.swift; path = Person.swift; sourceTree = "<group>"; };
		8DCF7856282D3DC9000BF1E0 /* Identifier.swift */ = {isa = PBXFileReference; lastKnownFileType = sourcecode.swift; path = Identifier.swift; sourceTree = "<group>"; };
		8DCF7858282E096D000BF1E0 /* People.swift */ = {isa = PBXFileReference; lastKnownFileType = sourcecode.swift; path = People.swift; sourceTree = "<group>"; };
/* End PBXFileReference section */

/* Begin PBXFrameworksBuildPhase section */
		8DCF781D282D35CA000BF1E0 /* Frameworks */ = {
			isa = PBXFrameworksBuildPhase;
			buildActionMask = 2147483647;
			files = (
			);
			runOnlyForDeploymentPostprocessing = 0;
		};
		8DCF7833282D35CF000BF1E0 /* Frameworks */ = {
			isa = PBXFrameworksBuildPhase;
			buildActionMask = 2147483647;
			files = (
			);
			runOnlyForDeploymentPostprocessing = 0;
		};
/* End PBXFrameworksBuildPhase section */

/* Begin PBXGroup section */
		8DCF7817282D35CA000BF1E0 = {
			isa = PBXGroup;
			children = (
				8DCF7822282D35CA000BF1E0 /* DataTestPractice */,
				8DCF7839282D35CF000BF1E0 /* DataTestPracticeTests */,
				8DCF7821282D35CA000BF1E0 /* Products */,
			);
			sourceTree = "<group>";
		};
		8DCF7821282D35CA000BF1E0 /* Products */ = {
			isa = PBXGroup;
			children = (
				8DCF7820282D35CA000BF1E0 /* DataTestPractice.app */,
				8DCF7836282D35CF000BF1E0 /* DataTestPracticeTests.xctest */,
			);
			name = Products;
			sourceTree = "<group>";
		};
		8DCF7822282D35CA000BF1E0 /* DataTestPractice */ = {
			isa = PBXGroup;
			children = (
				8DCF7855282D35FB000BF1E0 /* SupportingFiles */,
				8DCF7853282D35EC000BF1E0 /* Person.swift */,
				8D3C0080282E23EA009C4298 /* Stubbable.swift */,
				8DCF7858282E096D000BF1E0 /* People.swift */,
				8DCF7856282D3DC9000BF1E0 /* Identifier.swift */,
				8DCF7831282D35CE000BF1E0 /* Info.plist */,
			);
			path = DataTestPractice;
			sourceTree = "<group>";
		};
		8DCF7839282D35CF000BF1E0 /* DataTestPracticeTests */ = {
			isa = PBXGroup;
			children = (
				8DCF783A282D35CF000BF1E0 /* PersonDataTestReFactory.swift */,
				8DBDD2A3282E11EA00C6576E /* PersonDataTest.swift */,
			);
			path = DataTestPracticeTests;
			sourceTree = "<group>";
		};
		8DCF7855282D35FB000BF1E0 /* SupportingFiles */ = {
			isa = PBXGroup;
			children = (
				8DCF782C282D35CE000BF1E0 /* Assets.xcassets */,
				8D3C0077282E230C009C4298 /* AppDelegate.swift */,
				8DCF782E282D35CE000BF1E0 /* LaunchScreen.storyboard */,
				8D3C007A282E2319009C4298 /* SceneDelegate.swift */,
				8D3C007D282E23A8009C4298 /* Main.storyboard */,
			);
			path = SupportingFiles;
			sourceTree = "<group>";
		};
/* End PBXGroup section */

/* Begin PBXNativeTarget section */
		8DCF781F282D35CA000BF1E0 /* DataTestPractice */ = {
			isa = PBXNativeTarget;
			buildConfigurationList = 8DCF784A282D35CF000BF1E0 /* Build configuration list for PBXNativeTarget "DataTestPractice" */;
			buildPhases = (
				8DCF781C282D35CA000BF1E0 /* Sources */,
				8DCF781D282D35CA000BF1E0 /* Frameworks */,
				8DCF781E282D35CA000BF1E0 /* Resources */,
			);
			buildRules = (
			);
			dependencies = (
			);
			name = DataTestPractice;
			productName = DataTestPractice;
			productReference = 8DCF7820282D35CA000BF1E0 /* DataTestPractice.app */;
			productType = "com.apple.product-type.application";
		};
		8DCF7835282D35CF000BF1E0 /* DataTestPracticeTests */ = {
			isa = PBXNativeTarget;
			buildConfigurationList = 8DCF784D282D35CF000BF1E0 /* Build configuration list for PBXNativeTarget "DataTestPracticeTests" */;
			buildPhases = (
				8DCF7832282D35CF000BF1E0 /* Sources */,
				8DCF7833282D35CF000BF1E0 /* Frameworks */,
				8DCF7834282D35CF000BF1E0 /* Resources */,
			);
			buildRules = (
			);
			dependencies = (
				8DCF7838282D35CF000BF1E0 /* PBXTargetDependency */,
			);
			name = DataTestPracticeTests;
			productName = DataTestPracticeTests;
			productReference = 8DCF7836282D35CF000BF1E0 /* DataTestPracticeTests.xctest */;
			productType = "com.apple.product-type.bundle.unit-test";
		};
/* End PBXNativeTarget section */

/* Begin PBXProject section */
		8DCF7818282D35CA000BF1E0 /* Project object */ = {
			isa = PBXProject;
			attributes = {
				BuildIndependentTargetsInParallel = 1;
				LastSwiftUpdateCheck = 1330;
				LastUpgradeCheck = 1330;
				TargetAttributes = {
					8DCF781F282D35CA000BF1E0 = {
						CreatedOnToolsVersion = 13.3.1;
					};
					8DCF7835282D35CF000BF1E0 = {
						CreatedOnToolsVersion = 13.3.1;
						TestTargetID = 8DCF781F282D35CA000BF1E0;
					};
				};
			};
			buildConfigurationList = 8DCF781B282D35CA000BF1E0 /* Build configuration list for PBXProject "DataTestPractice" */;
			compatibilityVersion = "Xcode 13.0";
			developmentRegion = en;
			hasScannedForEncodings = 0;
			knownRegions = (
				en,
				Base,
			);
			mainGroup = 8DCF7817282D35CA000BF1E0;
			productRefGroup = 8DCF7821282D35CA000BF1E0 /* Products */;
			projectDirPath = "";
			projectRoot = "";
			targets = (
				8DCF781F282D35CA000BF1E0 /* DataTestPractice */,
				8DCF7835282D35CF000BF1E0 /* DataTestPracticeTests */,
			);
		};
/* End PBXProject section */

/* Begin PBXResourcesBuildPhase section */
		8DCF781E282D35CA000BF1E0 /* Resources */ = {
			isa = PBXResourcesBuildPhase;
			buildActionMask = 2147483647;
			files = (
				8DCF7830282D35CE000BF1E0 /* LaunchScreen.storyboard in Resources */,
				8D3C007E282E23A8009C4298 /* Main.storyboard in Resources */,
				8DCF782D282D35CE000BF1E0 /* Assets.xcassets in Resources */,
			);
			runOnlyForDeploymentPostprocessing = 0;
		};
		8DCF7834282D35CF000BF1E0 /* Resources */ = {
			isa = PBXResourcesBuildPhase;
			buildActionMask = 2147483647;
			files = (
				8D3C007F282E23A8009C4298 /* Main.storyboard in Resources */,
			);
			runOnlyForDeploymentPostprocessing = 0;
		};
/* End PBXResourcesBuildPhase section */

/* Begin PBXSourcesBuildPhase section */
		8DCF781C282D35CA000BF1E0 /* Sources */ = {
			isa = PBXSourcesBuildPhase;
			buildActionMask = 2147483647;
			files = (
				8D3C0081282E23EA009C4298 /* Stubbable.swift in Sources */,
				8D3C007B282E2319009C4298 /* SceneDelegate.swift in Sources */,
				8D3C0078282E230C009C4298 /* AppDelegate.swift in Sources */,
				8DCF7857282D3DC9000BF1E0 /* Identifier.swift in Sources */,
				8DCF7854282D35EC000BF1E0 /* Person.swift in Sources */,
				8DCF7859282E096D000BF1E0 /* People.swift in Sources */,
			);
			runOnlyForDeploymentPostprocessing = 0;
		};
		8DCF7832282D35CF000BF1E0 /* Sources */ = {
			isa = PBXSourcesBuildPhase;
			buildActionMask = 2147483647;
			files = (
				8D3C0079282E230C009C4298 /* AppDelegate.swift in Sources */,
				8D3C007C282E2319009C4298 /* SceneDelegate.swift in Sources */,
				8DCF785A282E0A45000BF1E0 /* Person.swift in Sources */,
				8DBDD2A4282E11EA00C6576E /* PersonDataTest.swift in Sources */,
				8DCF785B282E0A48000BF1E0 /* People.swift in Sources */,
				8DCF785C282E0A4A000BF1E0 /* Identifier.swift in Sources */,
				8D3C0082282E23EA009C4298 /* Stubbable.swift in Sources */,
				8DCF783B282D35CF000BF1E0 /* PersonDataTestReFactory.swift in Sources */,
			);
			runOnlyForDeploymentPostprocessing = 0;
		};
/* End PBXSourcesBuildPhase section */

/* Begin PBXTargetDependency section */
		8DCF7838282D35CF000BF1E0 /* PBXTargetDependency */ = {
			isa = PBXTargetDependency;
			target = 8DCF781F282D35CA000BF1E0 /* DataTestPractice */;
			targetProxy = 8DCF7837282D35CF000BF1E0 /* PBXContainerItemProxy */;
		};
/* End PBXTargetDependency section */

/* Begin PBXVariantGroup section */
		8DCF782E282D35CE000BF1E0 /* LaunchScreen.storyboard */ = {
			isa = PBXVariantGroup;
			children = (
				8DCF782F282D35CE000BF1E0 /* Base */,
			);
			name = LaunchScreen.storyboard;
			sourceTree = "<group>";
		};
/* End PBXVariantGroup section */

/* Begin XCBuildConfiguration section */
		8DCF7848282D35CF000BF1E0 /* Debug */ = {
			isa = XCBuildConfiguration;
			buildSettings = {
				ALWAYS_SEARCH_USER_PATHS = NO;
				CLANG_ANALYZER_NONNULL = YES;
				CLANG_ANALYZER_NUMBER_OBJECT_CONVERSION = YES_AGGRESSIVE;
				CLANG_CXX_LANGUAGE_STANDARD = "gnu++17";
				CLANG_ENABLE_MODULES = YES;
				CLANG_ENABLE_OBJC_ARC = YES;
				CLANG_ENABLE_OBJC_WEAK = YES;
				CLANG_WARN_BLOCK_CAPTURE_AUTORELEASING = YES;
				CLANG_WARN_BOOL_CONVERSION = YES;
				CLANG_WARN_COMMA = YES;
				CLANG_WARN_CONSTANT_CONVERSION = YES;
				CLANG_WARN_DEPRECATED_OBJC_IMPLEMENTATIONS = YES;
				CLANG_WARN_DIRECT_OBJC_ISA_USAGE = YES_ERROR;
				CLANG_WARN_DOCUMENTATION_COMMENTS = YES;
				CLANG_WARN_EMPTY_BODY = YES;
				CLANG_WARN_ENUM_CONVERSION = YES;
				CLANG_WARN_INFINITE_RECURSION = YES;
				CLANG_WARN_INT_CONVERSION = YES;
				CLANG_WARN_NON_LITERAL_NULL_CONVERSION = YES;
				CLANG_WARN_OBJC_IMPLICIT_RETAIN_SELF = YES;
				CLANG_WARN_OBJC_LITERAL_CONVERSION = YES;
				CLANG_WARN_OBJC_ROOT_CLASS = YES_ERROR;
				CLANG_WARN_QUOTED_INCLUDE_IN_FRAMEWORK_HEADER = YES;
				CLANG_WARN_RANGE_LOOP_ANALYSIS = YES;
				CLANG_WARN_STRICT_PROTOTYPES = YES;
				CLANG_WARN_SUSPICIOUS_MOVE = YES;
				CLANG_WARN_UNGUARDED_AVAILABILITY = YES_AGGRESSIVE;
				CLANG_WARN_UNREACHABLE_CODE = YES;
				CLANG_WARN__DUPLICATE_METHOD_MATCH = YES;
				COPY_PHASE_STRIP = NO;
				DEBUG_INFORMATION_FORMAT = dwarf;
				ENABLE_STRICT_OBJC_MSGSEND = YES;
				ENABLE_TESTABILITY = YES;
				GCC_C_LANGUAGE_STANDARD = gnu11;
				GCC_DYNAMIC_NO_PIC = NO;
				GCC_NO_COMMON_BLOCKS = YES;
				GCC_OPTIMIZATION_LEVEL = 0;
				GCC_PREPROCESSOR_DEFINITIONS = (
					"DEBUG=1",
					"$(inherited)",
				);
				GCC_WARN_64_TO_32_BIT_CONVERSION = YES;
				GCC_WARN_ABOUT_RETURN_TYPE = YES_ERROR;
				GCC_WARN_UNDECLARED_SELECTOR = YES;
				GCC_WARN_UNINITIALIZED_AUTOS = YES_AGGRESSIVE;
				GCC_WARN_UNUSED_FUNCTION = YES;
				GCC_WARN_UNUSED_VARIABLE = YES;
				IPHONEOS_DEPLOYMENT_TARGET = 15.4;
				MTL_ENABLE_DEBUG_INFO = INCLUDE_SOURCE;
				MTL_FAST_MATH = YES;
				ONLY_ACTIVE_ARCH = YES;
				SDKROOT = iphoneos;
				SWIFT_ACTIVE_COMPILATION_CONDITIONS = DEBUG;
				SWIFT_OPTIMIZATION_LEVEL = "-Onone";
			};
			name = Debug;
		};
		8DCF7849282D35CF000BF1E0 /* Release */ = {
			isa = XCBuildConfiguration;
			buildSettings = {
				ALWAYS_SEARCH_USER_PATHS = NO;
				CLANG_ANALYZER_NONNULL = YES;
				CLANG_ANALYZER_NUMBER_OBJECT_CONVERSION = YES_AGGRESSIVE;
				CLANG_CXX_LANGUAGE_STANDARD = "gnu++17";
				CLANG_ENABLE_MODULES = YES;
				CLANG_ENABLE_OBJC_ARC = YES;
				CLANG_ENABLE_OBJC_WEAK = YES;
				CLANG_WARN_BLOCK_CAPTURE_AUTORELEASING = YES;
				CLANG_WARN_BOOL_CONVERSION = YES;
				CLANG_WARN_COMMA = YES;
				CLANG_WARN_CONSTANT_CONVERSION = YES;
				CLANG_WARN_DEPRECATED_OBJC_IMPLEMENTATIONS = YES;
				CLANG_WARN_DIRECT_OBJC_ISA_USAGE = YES_ERROR;
				CLANG_WARN_DOCUMENTATION_COMMENTS = YES;
				CLANG_WARN_EMPTY_BODY = YES;
				CLANG_WARN_ENUM_CONVERSION = YES;
				CLANG_WARN_INFINITE_RECURSION = YES;
				CLANG_WARN_INT_CONVERSION = YES;
				CLANG_WARN_NON_LITERAL_NULL_CONVERSION = YES;
				CLANG_WARN_OBJC_IMPLICIT_RETAIN_SELF = YES;
				CLANG_WARN_OBJC_LITERAL_CONVERSION = YES;
				CLANG_WARN_OBJC_ROOT_CLASS = YES_ERROR;
				CLANG_WARN_QUOTED_INCLUDE_IN_FRAMEWORK_HEADER = YES;
				CLANG_WARN_RANGE_LOOP_ANALYSIS = YES;
				CLANG_WARN_STRICT_PROTOTYPES = YES;
				CLANG_WARN_SUSPICIOUS_MOVE = YES;
				CLANG_WARN_UNGUARDED_AVAILABILITY = YES_AGGRESSIVE;
				CLANG_WARN_UNREACHABLE_CODE = YES;
				CLANG_WARN__DUPLICATE_METHOD_MATCH = YES;
				COPY_PHASE_STRIP = NO;
				DEBUG_INFORMATION_FORMAT = "dwarf-with-dsym";
				ENABLE_NS_ASSERTIONS = NO;
				ENABLE_STRICT_OBJC_MSGSEND = YES;
				GCC_C_LANGUAGE_STANDARD = gnu11;
				GCC_NO_COMMON_BLOCKS = YES;
				GCC_WARN_64_TO_32_BIT_CONVERSION = YES;
				GCC_WARN_ABOUT_RETURN_TYPE = YES_ERROR;
				GCC_WARN_UNDECLARED_SELECTOR = YES;
				GCC_WARN_UNINITIALIZED_AUTOS = YES_AGGRESSIVE;
				GCC_WARN_UNUSED_FUNCTION = YES;
				GCC_WARN_UNUSED_VARIABLE = YES;
				IPHONEOS_DEPLOYMENT_TARGET = 15.4;
				MTL_ENABLE_DEBUG_INFO = NO;
				MTL_FAST_MATH = YES;
				SDKROOT = iphoneos;
				SWIFT_COMPILATION_MODE = wholemodule;
				SWIFT_OPTIMIZATION_LEVEL = "-O";
				VALIDATE_PRODUCT = YES;
			};
			name = Release;
		};
		8DCF784B282D35CF000BF1E0 /* Debug */ = {
			isa = XCBuildConfiguration;
			buildSettings = {
				ASSETCATALOG_COMPILER_APPICON_NAME = AppIcon;
				ASSETCATALOG_COMPILER_GLOBAL_ACCENT_COLOR_NAME = AccentColor;
				CODE_SIGN_STYLE = Automatic;
				CURRENT_PROJECT_VERSION = 1;
				DEVELOPMENT_TEAM = N6KUR9465F;
				GENERATE_INFOPLIST_FILE = YES;
				INFOPLIST_FILE = DataTestPractice/Info.plist;
				INFOPLIST_KEY_UIApplicationSupportsIndirectInputEvents = YES;
				INFOPLIST_KEY_UILaunchStoryboardName = LaunchScreen;
				INFOPLIST_KEY_UIMainStoryboardFile = Main;
				INFOPLIST_KEY_UISupportedInterfaceOrientations_iPad = "UIInterfaceOrientationPortrait UIInterfaceOrientationPortraitUpsideDown UIInterfaceOrientationLandscapeLeft UIInterfaceOrientationLandscapeRight";
				INFOPLIST_KEY_UISupportedInterfaceOrientations_iPhone = "UIInterfaceOrientationPortrait UIInterfaceOrientationLandscapeLeft UIInterfaceOrientationLandscapeRight";
				LD_RUNPATH_SEARCH_PATHS = (
					"$(inherited)",
					"@executable_path/Frameworks",
				);
				MARKETING_VERSION = 1.0;
				PRODUCT_BUNDLE_IDENTIFIER = com.SeobJin.DataTestPractice;
				PRODUCT_NAME = "$(TARGET_NAME)";
				SWIFT_EMIT_LOC_STRINGS = YES;
				SWIFT_VERSION = 5.0;
				TARGETED_DEVICE_FAMILY = "1,2";
			};
			name = Debug;
		};
		8DCF784C282D35CF000BF1E0 /* Release */ = {
			isa = XCBuildConfiguration;
			buildSettings = {
				ASSETCATALOG_COMPILER_APPICON_NAME = AppIcon;
				ASSETCATALOG_COMPILER_GLOBAL_ACCENT_COLOR_NAME = AccentColor;
				CODE_SIGN_STYLE = Automatic;
				CURRENT_PROJECT_VERSION = 1;
				DEVELOPMENT_TEAM = N6KUR9465F;
				GENERATE_INFOPLIST_FILE = YES;
				INFOPLIST_FILE = DataTestPractice/Info.plist;
				INFOPLIST_KEY_UIApplicationSupportsIndirectInputEvents = YES;
				INFOPLIST_KEY_UILaunchStoryboardName = LaunchScreen;
				INFOPLIST_KEY_UIMainStoryboardFile = Main;
				INFOPLIST_KEY_UISupportedInterfaceOrientations_iPad = "UIInterfaceOrientationPortrait UIInterfaceOrientationPortraitUpsideDown UIInterfaceOrientationLandscapeLeft UIInterfaceOrientationLandscapeRight";
				INFOPLIST_KEY_UISupportedInterfaceOrientations_iPhone = "UIInterfaceOrientationPortrait UIInterfaceOrientationLandscapeLeft UIInterfaceOrientationLandscapeRight";
				LD_RUNPATH_SEARCH_PATHS = (
					"$(inherited)",
					"@executable_path/Frameworks",
				);
				MARKETING_VERSION = 1.0;
				PRODUCT_BUNDLE_IDENTIFIER = com.SeobJin.DataTestPractice;
				PRODUCT_NAME = "$(TARGET_NAME)";
				SWIFT_EMIT_LOC_STRINGS = YES;
				SWIFT_VERSION = 5.0;
				TARGETED_DEVICE_FAMILY = "1,2";
			};
			name = Release;
		};
		8DCF784E282D35CF000BF1E0 /* Debug */ = {
			isa = XCBuildConfiguration;
			buildSettings = {
				ALWAYS_EMBED_SWIFT_STANDARD_LIBRARIES = YES;
				BUNDLE_LOADER = "$(TEST_HOST)";
				CODE_SIGN_STYLE = Automatic;
				CURRENT_PROJECT_VERSION = 1;
				DEVELOPMENT_TEAM = N6KUR9465F;
				GENERATE_INFOPLIST_FILE = YES;
				IPHONEOS_DEPLOYMENT_TARGET = 15.4;
				MARKETING_VERSION = 1.0;
				PRODUCT_BUNDLE_IDENTIFIER = com.SeobJin.DataTestPracticeTests;
				PRODUCT_NAME = "$(TARGET_NAME)";
				SWIFT_EMIT_LOC_STRINGS = NO;
				SWIFT_VERSION = 5.0;
				TARGETED_DEVICE_FAMILY = "1,2";
				TEST_HOST = "$(BUILT_PRODUCTS_DIR)/DataTestPractice.app/DataTestPractice";
			};
			name = Debug;
		};
		8DCF784F282D35CF000BF1E0 /* Release */ = {
			isa = XCBuildConfiguration;
			buildSettings = {
				ALWAYS_EMBED_SWIFT_STANDARD_LIBRARIES = YES;
				BUNDLE_LOADER = "$(TEST_HOST)";
				CODE_SIGN_STYLE = Automatic;
				CURRENT_PROJECT_VERSION = 1;
				DEVELOPMENT_TEAM = N6KUR9465F;
				GENERATE_INFOPLIST_FILE = YES;
				IPHONEOS_DEPLOYMENT_TARGET = 15.4;
				MARKETING_VERSION = 1.0;
				PRODUCT_BUNDLE_IDENTIFIER = com.SeobJin.DataTestPracticeTests;
				PRODUCT_NAME = "$(TARGET_NAME)";
				SWIFT_EMIT_LOC_STRINGS = NO;
				SWIFT_VERSION = 5.0;
				TARGETED_DEVICE_FAMILY = "1,2";
				TEST_HOST = "$(BUILT_PRODUCTS_DIR)/DataTestPractice.app/DataTestPractice";
			};
			name = Release;
		};
/* End XCBuildConfiguration section */

/* Begin XCConfigurationList section */
		8DCF781B282D35CA000BF1E0 /* Build configuration list for PBXProject "DataTestPractice" */ = {
			isa = XCConfigurationList;
			buildConfigurations = (
				8DCF7848282D35CF000BF1E0 /* Debug */,
				8DCF7849282D35CF000BF1E0 /* Release */,
			);
			defaultConfigurationIsVisible = 0;
			defaultConfigurationName = Release;
		};
		8DCF784A282D35CF000BF1E0 /* Build configuration list for PBXNativeTarget "DataTestPractice" */ = {
			isa = XCConfigurationList;
			buildConfigurations = (
				8DCF784B282D35CF000BF1E0 /* Debug */,
				8DCF784C282D35CF000BF1E0 /* Release */,
			);
			defaultConfigurationIsVisible = 0;
			defaultConfigurationName = Release;
		};
		8DCF784D282D35CF000BF1E0 /* Build configuration list for PBXNativeTarget "DataTestPracticeTests" */ = {
			isa = XCConfigurationList;
			buildConfigurations = (
				8DCF784E282D35CF000BF1E0 /* Debug */,
				8DCF784F282D35CF000BF1E0 /* Release */,
			);
			defaultConfigurationIsVisible = 0;
			defaultConfigurationName = Release;
		};
/* End XCConfigurationList section */
	};
	rootObject = 8DCF7818282D35CA000BF1E0 /* Project object */;
}
